
Microsoft Visual Studio Solution File, Format Version 12.00
# Visual Studio Version 16
VisualStudioVersion = 16.0.31129.286
MinimumVisualStudioVersion = 10.0.40219.1
Project("{FAE04EC0-301F-11D3-BF4B-00C04F79EFBC}") = "RegistrartionAuthorization", "RegistrartionAuthorization\RegistrartionAuthorization.csproj", "{29199FA3-BFF2-4A80-AD5A-173097C0E8A5}"
EndProject
Global
	GlobalSection(SolutionConfigurationPlatforms) = preSolution
		Debug|Any CPU = Debug|Any CPU
		Release|Any CPU = Release|Any CPU
	EndGlobalSection
	GlobalSection(ProjectConfigurationPlatforms) = postSolution
		{29199FA3-BFF2-4A80-AD5A-173097C0E8A5}.Debug|Any CPU.ActiveCfg = Debug|Any CPU
		{29199FA3-BFF2-4A80-AD5A-173097C0E8A5}.Debug|Any CPU.Build.0 = Debug|Any CPU
		{29199FA3-BFF2-4A80-AD5A-173097C0E8A5}.Release|Any CPU.ActiveCfg = Release|Any CPU
		{29199FA3-BFF2-4A80-AD5A-173097C0E8A5}.Release|Any CPU.Build.0 = Release|Any CPU
	EndGlobalSection
	GlobalSection(SolutionProperties) = preSolution
		HideSolutionNode = FALSE
	EndGlobalSection
	GlobalSection(ExtensibilityGlobals) = postSolution
		SolutionGuid = {0D9ADB8C-8031-4E91-B5C6-5296D76065D0}
	EndGlobalSection
EndGlobal
